
Microsoft Visual Studio Solution File, Format Version 12.00
# Visual Studio Version 16
VisualStudioVersion = 16.0.30413.136
MinimumVisualStudioVersion = 10.0.40219.1
Project("{FAE04EC0-301F-11D3-BF4B-00C04F79EFBC}") = "LevelEditor", "LevelEditor\LevelEditor.csproj", "{4B530886-C440-47F8-823E-38244FF38F5D}"
EndProject
Global
	GlobalSection(SolutionConfigurationPlatforms) = preSolution
		Debug|Any CPU = Debug|Any CPU
		Release|Any CPU = Release|Any CPU
	EndGlobalSection
	GlobalSection(ProjectConfigurationPlatforms) = postSolution
		{4B530886-C440-47F8-823E-38244FF38F5D}.Debug|Any CPU.ActiveCfg = Debug|Any CPU
		{4B530886-C440-47F8-823E-38244FF38F5D}.Debug|Any CPU.Build.0 = Debug|Any CPU
		{4B530886-C440-47F8-823E-38244FF38F5D}.Release|Any CPU.ActiveCfg = Release|Any CPU
		{4B530886-C440-47F8-823E-38244FF38F5D}.Release|Any CPU.Build.0 = Release|Any CPU
	EndGlobalSection
	GlobalSection(SolutionProperties) = preSolution
		HideSolutionNode = FALSE
	EndGlobalSection
	GlobalSection(ExtensibilityGlobals) = postSolution
		SolutionGuid = {FBA5359B-59EF-4158-B314-94C2177AC44C}
	EndGlobalSection
EndGlobal
